
Microsoft Visual Studio Solution File, Format Version 12.00
# Visual Studio Version 17
VisualStudioVersion = 17.5.002.0
MinimumVisualStudioVersion = 10.0.40219.1
Project("{9A19103F-16F7-4668-BE54-9A1E7A4F7556}") = "GraduatesPortalAPI", "GraduatesPortalAPI.csproj", "{AF34FC6D-944D-4BE4-8BF2-632706393E5A}"
EndProject
Global
	GlobalSection(SolutionConfigurationPlatforms) = preSolution
		Debug|Any CPU = Debug|Any CPU
		Release|Any CPU = Release|Any CPU
	EndGlobalSection
	GlobalSection(ProjectConfigurationPlatforms) = postSolution
		{AF34FC6D-944D-4BE4-8BF2-632706393E5A}.Debug|Any CPU.ActiveCfg = Debug|Any CPU
		{AF34FC6D-944D-4BE4-8BF2-632706393E5A}.Debug|Any CPU.Build.0 = Debug|Any CPU
		{AF34FC6D-944D-4BE4-8BF2-632706393E5A}.Release|Any CPU.ActiveCfg = Release|Any CPU
		{AF34FC6D-944D-4BE4-8BF2-632706393E5A}.Release|Any CPU.Build.0 = Release|Any CPU
	EndGlobalSection
	GlobalSection(SolutionProperties) = preSolution
		HideSolutionNode = FALSE
	EndGlobalSection
	GlobalSection(ExtensibilityGlobals) = postSolution
		SolutionGuid = {66A52922-8131-4838-AB6A-D8A1476982CE}
	EndGlobalSection
EndGlobal
